{
  "name": "teepee-funtasy",
  "version": "1.0.0",
  "lockfileVersion": 1,
  "requires": true,
  "dependencies": {
    "procfile": {
      "version": "0.1.1",
      "resolved": "https://registry.npmjs.org/procfile/-/procfile-0.1.1.tgz",
      "integrity": "sha1-c5P1rBcbEyExQ7NVNzzGkLBYsi8="
    }
  }
}
